// !$*UTF8*$!
{
	archiveVersion = 1;
	classes = {
	};
	objectVersion = 51;
	objects = {

/* Begin PBXBuildFile section */
		1E95C28328705374000A6ADE /* ProductInfo.storyboard in Resources */ = {isa = PBXBuildFile; fileRef = 1E95C28228705374000A6ADE /* ProductInfo.storyboard */; };
		1EA86610286FEB8A00BDB2A9 /* AppDelegate.swift in Sources */ = {isa = PBXBuildFile; fileRef = 1EA8660F286FEB8A00BDB2A9 /* AppDelegate.swift */; };
		1EA86612286FEB8A00BDB2A9 /* SceneDelegate.swift in Sources */ = {isa = PBXBuildFile; fileRef = 1EA86611286FEB8A00BDB2A9 /* SceneDelegate.swift */; };
		1EA86614286FEB8A00BDB2A9 /* ViewController.swift in Sources */ = {isa = PBXBuildFile; fileRef = 1EA86613286FEB8A00BDB2A9 /* ViewController.swift */; };
		1EA86617286FEB8A00BDB2A9 /* Main.storyboard in Resources */ = {isa = PBXBuildFile; fileRef = 1EA86615286FEB8A00BDB2A9 /* Main.storyboard */; };
		1EA8661A286FEB8A00BDB2A9 /* ShopifyApp.xcdatamodeld in Sources */ = {isa = PBXBuildFile; fileRef = 1EA86618286FEB8A00BDB2A9 /* ShopifyApp.xcdatamodeld */; };
		1EA8661C286FEB8C00BDB2A9 /* Assets.xcassets in Resources */ = {isa = PBXBuildFile; fileRef = 1EA8661B286FEB8C00BDB2A9 /* Assets.xcassets */; };
		1EA8661F286FEB8C00BDB2A9 /* LaunchScreen.storyboard in Resources */ = {isa = PBXBuildFile; fileRef = 1EA8661D286FEB8C00BDB2A9 /* LaunchScreen.storyboard */; };
		1EA86627286FF09200BDB2A9 /* Login.storyboard in Resources */ = {isa = PBXBuildFile; fileRef = 1EA86626286FF09200BDB2A9 /* Login.storyboard */; };
		1EA86629286FF0B000BDB2A9 /* Register.storyboard in Resources */ = {isa = PBXBuildFile; fileRef = 1EA86628286FF0B000BDB2A9 /* Register.storyboard */; };
		1EC6C5B928713A76008B33DA /* LoginViewModel.swift in Sources */ = {isa = PBXBuildFile; fileRef = 1EC6C5B828713A76008B33DA /* LoginViewModel.swift */; };
		1EC6C5BB28713B4A008B33DA /* LoginViewController.swift in Sources */ = {isa = PBXBuildFile; fileRef = 1EC6C5BA28713B4A008B33DA /* LoginViewController.swift */; };
		1EDD78982871075C00E47EC0 /* Customer.swift in Sources */ = {isa = PBXBuildFile; fileRef = 1EDD78972871075C00E47EC0 /* Customer.swift */; };
		1EDD789B287108A900E47EC0 /* UrlServices.swift in Sources */ = {isa = PBXBuildFile; fileRef = 1EDD789A287108A900E47EC0 /* UrlServices.swift */; };
		1EDD789D2871094900E47EC0 /* ApiService.swift in Sources */ = {isa = PBXBuildFile; fileRef = 1EDD789C2871094900E47EC0 /* ApiService.swift */; };
		1EDD789F287109A200E47EC0 /* NetworkManager.swift in Sources */ = {isa = PBXBuildFile; fileRef = 1EDD789E287109A200E47EC0 /* NetworkManager.swift */; };
		1EDD78A228710C7900E47EC0 /* JsonDecodere.swift in Sources */ = {isa = PBXBuildFile; fileRef = 1EDD78A128710C7900E47EC0 /* JsonDecodere.swift */; };
		1EDD78A528710FE500E47EC0 /* UserDefaults.swift in Sources */ = {isa = PBXBuildFile; fileRef = 1EDD78A428710FE500E47EC0 /* UserDefaults.swift */; };
		1EDD78A72871107000E47EC0 /* RegisterViewModel.swift in Sources */ = {isa = PBXBuildFile; fileRef = 1EDD78A62871107000E47EC0 /* RegisterViewModel.swift */; };
		1EDD78A92871130000E47EC0 /* RegisterViewController.swift in Sources */ = {isa = PBXBuildFile; fileRef = 1EDD78A82871130000E47EC0 /* RegisterViewController.swift */; };
		1EDD78AB2871155000E47EC0 /* Alert.swift in Sources */ = {isa = PBXBuildFile; fileRef = 1EDD78AA2871155000E47EC0 /* Alert.swift */; };
		1EE093462870C70A00931A1A /* Products.storyboard in Resources */ = {isa = PBXBuildFile; fileRef = 1EE093452870C70A00931A1A /* Products.storyboard */; };
		76C41206EFA0385EFDDB4664 /* Pods_ShopifyApp.framework in Frameworks */ = {isa = PBXBuildFile; fileRef = 20ADB3F99CF1C60F0BA0DDC5 /* Pods_ShopifyApp.framework */; };
		9DAF2156287385DC0051FFC1 /* Cart.storyboard in Resources */ = {isa = PBXBuildFile; fileRef = 9DAF2155287385DC0051FFC1 /* Cart.storyboard */; };
		9DAF2159287396EE0051FFC1 /* UIView+EX.swift in Sources */ = {isa = PBXBuildFile; fileRef = 9DAF2158287396EE0051FFC1 /* UIView+EX.swift */; };
		9DAF2172287399A00051FFC1 /* CartProductTableViewCell.swift in Sources */ = {isa = PBXBuildFile; fileRef = 9DAF2170287399A00051FFC1 /* CartProductTableViewCell.swift */; };
		9DAF2173287399A00051FFC1 /* CartProductTableViewCell.xib in Resources */ = {isa = PBXBuildFile; fileRef = 9DAF2171287399A00051FFC1 /* CartProductTableViewCell.xib */; };
		9DAF2176287399C00051FFC1 /* SubTotalTableViewCell.swift in Sources */ = {isa = PBXBuildFile; fileRef = 9DAF2174287399C00051FFC1 /* SubTotalTableViewCell.swift */; };
		9DAF2177287399C00051FFC1 /* SubTotalTableViewCell.xib in Resources */ = {isa = PBXBuildFile; fileRef = 9DAF2175287399C00051FFC1 /* SubTotalTableViewCell.xib */; };
		9DAF217A287399DB0051FFC1 /* ProceedToCheckoutTableViewCell.swift in Sources */ = {isa = PBXBuildFile; fileRef = 9DAF2178287399DB0051FFC1 /* ProceedToCheckoutTableViewCell.swift */; };
		9DAF217B287399DB0051FFC1 /* ProceedToCheckoutTableViewCell.xib in Resources */ = {isa = PBXBuildFile; fileRef = 9DAF2179287399DB0051FFC1 /* ProceedToCheckoutTableViewCell.xib */; };
/* End PBXBuildFile section */

/* Begin PBXFileReference section */
		1E95C28228705374000A6ADE /* ProductInfo.storyboard */ = {isa = PBXFileReference; lastKnownFileType = file.storyboard; path = ProductInfo.storyboard; sourceTree = "<group>"; };
		1EA8660C286FEB8A00BDB2A9 /* ShopifyApp.app */ = {isa = PBXFileReference; explicitFileType = wrapper.application; includeInIndex = 0; path = ShopifyApp.app; sourceTree = BUILT_PRODUCTS_DIR; };
		1EA8660F286FEB8A00BDB2A9 /* AppDelegate.swift */ = {isa = PBXFileReference; lastKnownFileType = sourcecode.swift; path = AppDelegate.swift; sourceTree = "<group>"; };
		1EA86611286FEB8A00BDB2A9 /* SceneDelegate.swift */ = {isa = PBXFileReference; lastKnownFileType = sourcecode.swift; path = SceneDelegate.swift; sourceTree = "<group>"; };
		1EA86613286FEB8A00BDB2A9 /* ViewController.swift */ = {isa = PBXFileReference; lastKnownFileType = sourcecode.swift; path = ViewController.swift; sourceTree = "<group>"; };
		1EA86616286FEB8A00BDB2A9 /* Base */ = {isa = PBXFileReference; lastKnownFileType = file.storyboard; name = Base; path = Base.lproj/Main.storyboard; sourceTree = "<group>"; };
		1EA86619286FEB8A00BDB2A9 /* ShopifyApp.xcdatamodel */ = {isa = PBXFileReference; lastKnownFileType = wrapper.xcdatamodel; path = ShopifyApp.xcdatamodel; sourceTree = "<group>"; };
		1EA8661B286FEB8C00BDB2A9 /* Assets.xcassets */ = {isa = PBXFileReference; lastKnownFileType = folder.assetcatalog; path = Assets.xcassets; sourceTree = "<group>"; };
		1EA8661E286FEB8C00BDB2A9 /* Base */ = {isa = PBXFileReference; lastKnownFileType = file.storyboard; name = Base; path = Base.lproj/LaunchScreen.storyboard; sourceTree = "<group>"; };
		1EA86620286FEB8C00BDB2A9 /* Info.plist */ = {isa = PBXFileReference; lastKnownFileType = text.plist.xml; path = Info.plist; sourceTree = "<group>"; };
		1EA86626286FF09200BDB2A9 /* Login.storyboard */ = {isa = PBXFileReference; fileEncoding = 4; lastKnownFileType = file.storyboard; path = Login.storyboard; sourceTree = "<group>"; };
		1EA86628286FF0B000BDB2A9 /* Register.storyboard */ = {isa = PBXFileReference; fileEncoding = 4; lastKnownFileType = file.storyboard; path = Register.storyboard; sourceTree = "<group>"; };
		1EC6C5B828713A76008B33DA /* LoginViewModel.swift */ = {isa = PBXFileReference; lastKnownFileType = sourcecode.swift; path = LoginViewModel.swift; sourceTree = "<group>"; };
		1EC6C5BA28713B4A008B33DA /* LoginViewController.swift */ = {isa = PBXFileReference; lastKnownFileType = sourcecode.swift; path = LoginViewController.swift; sourceTree = "<group>"; };
		1EDD78972871075C00E47EC0 /* Customer.swift */ = {isa = PBXFileReference; lastKnownFileType = sourcecode.swift; path = Customer.swift; sourceTree = "<group>"; };
		1EDD789A287108A900E47EC0 /* UrlServices.swift */ = {isa = PBXFileReference; lastKnownFileType = sourcecode.swift; path = UrlServices.swift; sourceTree = "<group>"; };
		1EDD789C2871094900E47EC0 /* ApiService.swift */ = {isa = PBXFileReference; lastKnownFileType = sourcecode.swift; path = ApiService.swift; sourceTree = "<group>"; };
		1EDD789E287109A200E47EC0 /* NetworkManager.swift */ = {isa = PBXFileReference; lastKnownFileType = sourcecode.swift; path = NetworkManager.swift; sourceTree = "<group>"; };
		1EDD78A128710C7900E47EC0 /* JsonDecodere.swift */ = {isa = PBXFileReference; lastKnownFileType = sourcecode.swift; path = JsonDecodere.swift; sourceTree = "<group>"; };
		1EDD78A428710FE500E47EC0 /* UserDefaults.swift */ = {isa = PBXFileReference; lastKnownFileType = sourcecode.swift; path = UserDefaults.swift; sourceTree = "<group>"; };
		1EDD78A62871107000E47EC0 /* RegisterViewModel.swift */ = {isa = PBXFileReference; lastKnownFileType = sourcecode.swift; path = RegisterViewModel.swift; sourceTree = "<group>"; };
		1EDD78A82871130000E47EC0 /* RegisterViewController.swift */ = {isa = PBXFileReference; lastKnownFileType = sourcecode.swift; path = RegisterViewController.swift; sourceTree = "<group>"; };
		1EDD78AA2871155000E47EC0 /* Alert.swift */ = {isa = PBXFileReference; lastKnownFileType = sourcecode.swift; path = Alert.swift; sourceTree = "<group>"; };
		1EE093452870C70A00931A1A /* Products.storyboard */ = {isa = PBXFileReference; lastKnownFileType = file.storyboard; path = Products.storyboard; sourceTree = "<group>"; };
		20ADB3F99CF1C60F0BA0DDC5 /* Pods_ShopifyApp.framework */ = {isa = PBXFileReference; explicitFileType = wrapper.framework; includeInIndex = 0; path = Pods_ShopifyApp.framework; sourceTree = BUILT_PRODUCTS_DIR; };
		68CAC10B07C7471F6593879F /* Pods-ShopifyApp.debug.xcconfig */ = {isa = PBXFileReference; includeInIndex = 1; lastKnownFileType = text.xcconfig; name = "Pods-ShopifyApp.debug.xcconfig"; path = "Target Support Files/Pods-ShopifyApp/Pods-ShopifyApp.debug.xcconfig"; sourceTree = "<group>"; };
		82FCBA31A7500DEE103DCE6C /* Pods-ShopifyApp.release.xcconfig */ = {isa = PBXFileReference; includeInIndex = 1; lastKnownFileType = text.xcconfig; name = "Pods-ShopifyApp.release.xcconfig"; path = "Target Support Files/Pods-ShopifyApp/Pods-ShopifyApp.release.xcconfig"; sourceTree = "<group>"; };
		9DAF2155287385DC0051FFC1 /* Cart.storyboard */ = {isa = PBXFileReference; lastKnownFileType = file.storyboard; path = Cart.storyboard; sourceTree = "<group>"; };
		9DAF2158287396EE0051FFC1 /* UIView+EX.swift */ = {isa = PBXFileReference; fileEncoding = 4; lastKnownFileType = sourcecode.swift; path = "UIView+EX.swift"; sourceTree = "<group>"; };
		9DAF2170287399A00051FFC1 /* CartProductTableViewCell.swift */ = {isa = PBXFileReference; lastKnownFileType = sourcecode.swift; path = CartProductTableViewCell.swift; sourceTree = "<group>"; };
		9DAF2171287399A00051FFC1 /* CartProductTableViewCell.xib */ = {isa = PBXFileReference; lastKnownFileType = file.xib; path = CartProductTableViewCell.xib; sourceTree = "<group>"; };
		9DAF2174287399C00051FFC1 /* SubTotalTableViewCell.swift */ = {isa = PBXFileReference; lastKnownFileType = sourcecode.swift; path = SubTotalTableViewCell.swift; sourceTree = "<group>"; };
		9DAF2175287399C00051FFC1 /* SubTotalTableViewCell.xib */ = {isa = PBXFileReference; lastKnownFileType = file.xib; path = SubTotalTableViewCell.xib; sourceTree = "<group>"; };
		9DAF2178287399DB0051FFC1 /* ProceedToCheckoutTableViewCell.swift */ = {isa = PBXFileReference; lastKnownFileType = sourcecode.swift; path = ProceedToCheckoutTableViewCell.swift; sourceTree = "<group>"; };
		9DAF2179287399DB0051FFC1 /* ProceedToCheckoutTableViewCell.xib */ = {isa = PBXFileReference; lastKnownFileType = file.xib; path = ProceedToCheckoutTableViewCell.xib; sourceTree = "<group>"; };
/* End PBXFileReference section */

/* Begin PBXFrameworksBuildPhase section */
		1EA86609286FEB8A00BDB2A9 /* Frameworks */ = {
			isa = PBXFrameworksBuildPhase;
			buildActionMask = 2147483647;
			files = (
				76C41206EFA0385EFDDB4664 /* Pods_ShopifyApp.framework in Frameworks */,
			);
			runOnlyForDeploymentPostprocessing = 0;
		};
/* End PBXFrameworksBuildPhase section */

/* Begin PBXGroup section */
		097E5C09607890B3DAF695E1 /* Frameworks */ = {
			isa = PBXGroup;
			children = (
				20ADB3F99CF1C60F0BA0DDC5 /* Pods_ShopifyApp.framework */,
			);
			name = Frameworks;
			sourceTree = "<group>";
		};
		1EA86603286FEB8A00BDB2A9 = {
			isa = PBXGroup;
			children = (
				1EA8660E286FEB8A00BDB2A9 /* ShopifyApp */,
				1EA8660D286FEB8A00BDB2A9 /* Products */,
				BE6DC752DB4CDE634AAA878B /* Pods */,
				097E5C09607890B3DAF695E1 /* Frameworks */,
			);
			sourceTree = "<group>";
		};
		1EA8660D286FEB8A00BDB2A9 /* Products */ = {
			isa = PBXGroup;
			children = (
				1EA8660C286FEB8A00BDB2A9 /* ShopifyApp.app */,
			);
			name = Products;
			sourceTree = "<group>";
		};
		1EA8660E286FEB8A00BDB2A9 /* ShopifyApp */ = {
			isa = PBXGroup;
			children = (
				9DAF2153287385740051FFC1 /* Ann */,
				1EDD78A328710DAD00E47EC0 /* ViewModel */,
				1EDD78A028710C5B00E47EC0 /* Utilitis */,
				1EDD78992871088E00E47EC0 /* NetworkManager */,
				1EDD78962871069800E47EC0 /* Model */,
				1EE093442870C6DC00931A1A /* Views */,
				1EA8660F286FEB8A00BDB2A9 /* AppDelegate.swift */,
				1EA86611286FEB8A00BDB2A9 /* SceneDelegate.swift */,
				1EA86613286FEB8A00BDB2A9 /* ViewController.swift */,
				1EA86615286FEB8A00BDB2A9 /* Main.storyboard */,
				1EA8661B286FEB8C00BDB2A9 /* Assets.xcassets */,
				1EA8661D286FEB8C00BDB2A9 /* LaunchScreen.storyboard */,
				1EA86620286FEB8C00BDB2A9 /* Info.plist */,
				1EA86618286FEB8A00BDB2A9 /* ShopifyApp.xcdatamodeld */,
			);
			path = ShopifyApp;
			sourceTree = "<group>";
		};
		1EDD78952871067000E47EC0 /* ViewController */ = {
			isa = PBXGroup;
			children = (
				1EDD78A82871130000E47EC0 /* RegisterViewController.swift */,
				1EC6C5BA28713B4A008B33DA /* LoginViewController.swift */,
			);
			path = ViewController;
			sourceTree = "<group>";
		};
		1EDD78962871069800E47EC0 /* Model */ = {
			isa = PBXGroup;
			children = (
				1EDD78972871075C00E47EC0 /* Customer.swift */,
			);
			path = Model;
			sourceTree = "<group>";
		};
		1EDD78992871088E00E47EC0 /* NetworkManager */ = {
			isa = PBXGroup;
			children = (
				1EDD789A287108A900E47EC0 /* UrlServices.swift */,
				1EDD789C2871094900E47EC0 /* ApiService.swift */,
				1EDD789E287109A200E47EC0 /* NetworkManager.swift */,
			);
			path = NetworkManager;
			sourceTree = "<group>";
		};
		1EDD78A028710C5B00E47EC0 /* Utilitis */ = {
			isa = PBXGroup;
			children = (
				1EDD78A128710C7900E47EC0 /* JsonDecodere.swift */,
				1EDD78A428710FE500E47EC0 /* UserDefaults.swift */,
				1EDD78AA2871155000E47EC0 /* Alert.swift */,
			);
			path = Utilitis;
			sourceTree = "<group>";
		};
		1EDD78A328710DAD00E47EC0 /* ViewModel */ = {
			isa = PBXGroup;
			children = (
				1EDD78A62871107000E47EC0 /* RegisterViewModel.swift */,
				1EC6C5B828713A76008B33DA /* LoginViewModel.swift */,
			);
			path = ViewModel;
			sourceTree = "<group>";
		};
		1EE093442870C6DC00931A1A /* Views */ = {
			isa = PBXGroup;
			children = (
				1EDD78952871067000E47EC0 /* ViewController */,
				1E95C28228705374000A6ADE /* ProductInfo.storyboard */,
				1EA86628286FF0B000BDB2A9 /* Register.storyboard */,
				1EA86626286FF09200BDB2A9 /* Login.storyboard */,
				1EE093452870C70A00931A1A /* Products.storyboard */,
			);
			path = Views;
			sourceTree = "<group>";
		};
		9DAF2153287385740051FFC1 /* Ann */ = {
			isa = PBXGroup;
			children = (
				9DAF2157287396EE0051FFC1 /* EX */,
				9DAF215A2873978D0051FFC1 /* Cart */,
				9DAF215B287397A30051FFC1 /* Payment */,
				9DAF215C287397B20051FFC1 /* ConfirmOrder */,
				9DAF2154287385B80051FFC1 /* Storyboard */,
			);
			path = Ann;
			sourceTree = "<group>";
		};
		9DAF2154287385B80051FFC1 /* Storyboard */ = {
			isa = PBXGroup;
			children = (
				9DAF2155287385DC0051FFC1 /* Cart.storyboard */,
			);
			path = Storyboard;
			sourceTree = "<group>";
		};
		9DAF2157287396EE0051FFC1 /* EX */ = {
			isa = PBXGroup;
			children = (
				9DAF2158287396EE0051FFC1 /* UIView+EX.swift */,
			);
			path = EX;
			sourceTree = "<group>";
		};
		9DAF215A2873978D0051FFC1 /* Cart */ = {
			isa = PBXGroup;
			children = (
				9DAF2160287397EB0051FFC1 /* Networking */,
				9DAF215F287397DF0051FFC1 /* VewModel */,
				9DAF215E287397D60051FFC1 /* View */,
				9DAF215D287397CC0051FFC1 /* Model */,
			);
			path = Cart;
			sourceTree = "<group>";
		};
		9DAF215B287397A30051FFC1 /* Payment */ = {
			isa = PBXGroup;
			children = (
				9DAF2164287397FA0051FFC1 /* Networking */,
				9DAF2162287397FA0051FFC1 /* VewModel */,
				9DAF2161287397FA0051FFC1 /* View */,
				9DAF2163287397FA0051FFC1 /* Model */,
			);
			path = Payment;
			sourceTree = "<group>";
		};
		9DAF215C287397B20051FFC1 /* ConfirmOrder */ = {
			isa = PBXGroup;
			children = (
				9DAF2165287398010051FFC1 /* Networking */,
				9DAF2166287398010051FFC1 /* VewModel */,
				9DAF2168287398010051FFC1 /* View */,
				9DAF2167287398010051FFC1 /* Model */,
			);
			path = ConfirmOrder;
			sourceTree = "<group>";
		};
		9DAF215D287397CC0051FFC1 /* Model */ = {
			isa = PBXGroup;
			children = (
			);
			path = Model;
			sourceTree = "<group>";
		};
		9DAF215E287397D60051FFC1 /* View */ = {
			isa = PBXGroup;
			children = (
				9DAF2169287398580051FFC1 /* ViewController */,
				9DAF216C287398730051FFC1 /* Cell */,
			);
			path = View;
			sourceTree = "<group>";
		};
		9DAF215F287397DF0051FFC1 /* VewModel */ = {
			isa = PBXGroup;
			children = (
			);
			path = VewModel;
			sourceTree = "<group>";
		};
		9DAF2160287397EB0051FFC1 /* Networking */ = {
			isa = PBXGroup;
			children = (
			);
			path = Networking;
			sourceTree = "<group>";
		};
		9DAF2161287397FA0051FFC1 /* View */ = {
			isa = PBXGroup;
			children = (
				9DAF216A287398670051FFC1 /* ViewController */,
			);
			path = View;
			sourceTree = "<group>";
		};
		9DAF2162287397FA0051FFC1 /* VewModel */ = {
			isa = PBXGroup;
			children = (
			);
			path = VewModel;
			sourceTree = "<group>";
		};
		9DAF2163287397FA0051FFC1 /* Model */ = {
			isa = PBXGroup;
			children = (
			);
			path = Model;
			sourceTree = "<group>";
		};
		9DAF2164287397FA0051FFC1 /* Networking */ = {
			isa = PBXGroup;
			children = (
			);
			path = Networking;
			sourceTree = "<group>";
		};
		9DAF2165287398010051FFC1 /* Networking */ = {
			isa = PBXGroup;
			children = (
			);
			path = Networking;
			sourceTree = "<group>";
		};
		9DAF2166287398010051FFC1 /* VewModel */ = {
			isa = PBXGroup;
			children = (
			);
			path = VewModel;
			sourceTree = "<group>";
		};
		9DAF2167287398010051FFC1 /* Model */ = {
			isa = PBXGroup;
			children = (
			);
			path = Model;
			sourceTree = "<group>";
		};
		9DAF2168287398010051FFC1 /* View */ = {
			isa = PBXGroup;
			children = (
				9DAF216B2873986B0051FFC1 /* ViewController */,
			);
			path = View;
			sourceTree = "<group>";
		};
		9DAF2169287398580051FFC1 /* ViewController */ = {
			isa = PBXGroup;
			children = (
			);
			path = ViewController;
			sourceTree = "<group>";
		};
		9DAF216A287398670051FFC1 /* ViewController */ = {
			isa = PBXGroup;
			children = (
			);
			path = ViewController;
			sourceTree = "<group>";
		};
		9DAF216B2873986B0051FFC1 /* ViewController */ = {
			isa = PBXGroup;
			children = (
			);
			path = ViewController;
			sourceTree = "<group>";
		};
		9DAF216C287398730051FFC1 /* Cell */ = {
			isa = PBXGroup;
			children = (
				9DAF216F287399180051FFC1 /* CartProduct */,
				9DAF216E287399060051FFC1 /* SubTotal */,
				9DAF216D287398940051FFC1 /* ProceedToCheckout */,
			);
			path = Cell;
			sourceTree = "<group>";
		};
		9DAF216D287398940051FFC1 /* ProceedToCheckout */ = {
			isa = PBXGroup;
			children = (
				9DAF2178287399DB0051FFC1 /* ProceedToCheckoutTableViewCell.swift */,
				9DAF2179287399DB0051FFC1 /* ProceedToCheckoutTableViewCell.xib */,
			);
			path = ProceedToCheckout;
			sourceTree = "<group>";
		};
		9DAF216E287399060051FFC1 /* SubTotal */ = {
			isa = PBXGroup;
			children = (
				9DAF2174287399C00051FFC1 /* SubTotalTableViewCell.swift */,
				9DAF2175287399C00051FFC1 /* SubTotalTableViewCell.xib */,
			);
			path = SubTotal;
			sourceTree = "<group>";
		};
		9DAF216F287399180051FFC1 /* CartProduct */ = {
			isa = PBXGroup;
			children = (
				9DAF2170287399A00051FFC1 /* CartProductTableViewCell.swift */,
				9DAF2171287399A00051FFC1 /* CartProductTableViewCell.xib */,
			);
			path = CartProduct;
			sourceTree = "<group>";
		};
		BE6DC752DB4CDE634AAA878B /* Pods */ = {
			isa = PBXGroup;
			children = (
				68CAC10B07C7471F6593879F /* Pods-ShopifyApp.debug.xcconfig */,
				82FCBA31A7500DEE103DCE6C /* Pods-ShopifyApp.release.xcconfig */,
			);
			path = Pods;
			sourceTree = "<group>";
		};
/* End PBXGroup section */

/* Begin PBXNativeTarget section */
		1EA8660B286FEB8A00BDB2A9 /* ShopifyApp */ = {
			isa = PBXNativeTarget;
			buildConfigurationList = 1EA86623286FEB8C00BDB2A9 /* Build configuration list for PBXNativeTarget "ShopifyApp" */;
			buildPhases = (
				8796242E2940008DAB8E6535 /* [CP] Check Pods Manifest.lock */,
				1EA86608286FEB8A00BDB2A9 /* Sources */,
				1EA86609286FEB8A00BDB2A9 /* Frameworks */,
				1EA8660A286FEB8A00BDB2A9 /* Resources */,
				2C9DA5D4C183B9C3AB0CBA76 /* [CP] Embed Pods Frameworks */,
			);
			buildRules = (
			);
			dependencies = (
			);
			name = ShopifyApp;
			productName = ShopifyApp;
			productReference = 1EA8660C286FEB8A00BDB2A9 /* ShopifyApp.app */;
			productType = "com.apple.product-type.application";
		};
/* End PBXNativeTarget section */

/* Begin PBXProject section */
		1EA86604286FEB8A00BDB2A9 /* Project object */ = {
			isa = PBXProject;
			attributes = {
				LastSwiftUpdateCheck = 1130;
				LastUpgradeCheck = 1130;
				ORGANIZATIONNAME = "Mina Ezzat";
				TargetAttributes = {
					1EA8660B286FEB8A00BDB2A9 = {
						CreatedOnToolsVersion = 11.3.1;
					};
				};
			};
			buildConfigurationList = 1EA86607286FEB8A00BDB2A9 /* Build configuration list for PBXProject "ShopifyApp" */;
			compatibilityVersion = "Xcode 9.3";
			developmentRegion = en;
			hasScannedForEncodings = 0;
			knownRegions = (
				en,
				Base,
			);
			mainGroup = 1EA86603286FEB8A00BDB2A9;
			productRefGroup = 1EA8660D286FEB8A00BDB2A9 /* Products */;
			projectDirPath = "";
			projectRoot = "";
			targets = (
				1EA8660B286FEB8A00BDB2A9 /* ShopifyApp */,
			);
		};
/* End PBXProject section */

/* Begin PBXResourcesBuildPhase section */
		1EA8660A286FEB8A00BDB2A9 /* Resources */ = {
			isa = PBXResourcesBuildPhase;
			buildActionMask = 2147483647;
			files = (
				9DAF2156287385DC0051FFC1 /* Cart.storyboard in Resources */,
				1E95C28328705374000A6ADE /* ProductInfo.storyboard in Resources */,
				1EA86627286FF09200BDB2A9 /* Login.storyboard in Resources */,
				1EA8661F286FEB8C00BDB2A9 /* LaunchScreen.storyboard in Resources */,
				1EA8661C286FEB8C00BDB2A9 /* Assets.xcassets in Resources */,
				9DAF2177287399C00051FFC1 /* SubTotalTableViewCell.xib in Resources */,
				1EA86617286FEB8A00BDB2A9 /* Main.storyboard in Resources */,
				1EA86629286FF0B000BDB2A9 /* Register.storyboard in Resources */,
				9DAF217B287399DB0051FFC1 /* ProceedToCheckoutTableViewCell.xib in Resources */,
				1EE093462870C70A00931A1A /* Products.storyboard in Resources */,
				9DAF2173287399A00051FFC1 /* CartProductTableViewCell.xib in Resources */,
			);
			runOnlyForDeploymentPostprocessing = 0;
		};
/* End PBXResourcesBuildPhase section */

/* Begin PBXShellScriptBuildPhase section */
		2C9DA5D4C183B9C3AB0CBA76 /* [CP] Embed Pods Frameworks */ = {
			isa = PBXShellScriptBuildPhase;
			buildActionMask = 2147483647;
			files = (
			);
			inputFileListPaths = (
				"${PODS_ROOT}/Target Support Files/Pods-ShopifyApp/Pods-ShopifyApp-frameworks-${CONFIGURATION}-input-files.xcfilelist",
			);
			name = "[CP] Embed Pods Frameworks";
			outputFileListPaths = (
				"${PODS_ROOT}/Target Support Files/Pods-ShopifyApp/Pods-ShopifyApp-frameworks-${CONFIGURATION}-output-files.xcfilelist",
			);
			runOnlyForDeploymentPostprocessing = 0;
			shellPath = /bin/sh;
			shellScript = "\"${PODS_ROOT}/Target Support Files/Pods-ShopifyApp/Pods-ShopifyApp-frameworks.sh\"\n";
			showEnvVarsInLog = 0;
		};
		8796242E2940008DAB8E6535 /* [CP] Check Pods Manifest.lock */ = {
			isa = PBXShellScriptBuildPhase;
			buildActionMask = 2147483647;
			files = (
			);
			inputFileListPaths = (
			);
			inputPaths = (
				"${PODS_PODFILE_DIR_PATH}/Podfile.lock",
				"${PODS_ROOT}/Manifest.lock",
			);
			name = "[CP] Check Pods Manifest.lock";
			outputFileListPaths = (
			);
			outputPaths = (
				"$(DERIVED_FILE_DIR)/Pods-ShopifyApp-checkManifestLockResult.txt",
			);
			runOnlyForDeploymentPostprocessing = 0;
			shellPath = /bin/sh;
			shellScript = "diff \"${PODS_PODFILE_DIR_PATH}/Podfile.lock\" \"${PODS_ROOT}/Manifest.lock\" > /dev/null\nif [ $? != 0 ] ; then\n    # print error to STDERR\n    echo \"error: The sandbox is not in sync with the Podfile.lock. Run 'pod install' or update your CocoaPods installation.\" >&2\n    exit 1\nfi\n# This output is used by Xcode 'outputs' to avoid re-running this script phase.\necho \"SUCCESS\" > \"${SCRIPT_OUTPUT_FILE_0}\"\n";
			showEnvVarsInLog = 0;
		};
/* End PBXShellScriptBuildPhase section */

/* Begin PBXSourcesBuildPhase section */
		1EA86608286FEB8A00BDB2A9 /* Sources */ = {
			isa = PBXSourcesBuildPhase;
			buildActionMask = 2147483647;
			files = (
				1EA86614286FEB8A00BDB2A9 /* ViewController.swift in Sources */,
				1EDD78982871075C00E47EC0 /* Customer.swift in Sources */,
				1EA86610286FEB8A00BDB2A9 /* AppDelegate.swift in Sources */,
				1EC6C5BB28713B4A008B33DA /* LoginViewController.swift in Sources */,
				1EDD78A92871130000E47EC0 /* RegisterViewController.swift in Sources */,
				9DAF217A287399DB0051FFC1 /* ProceedToCheckoutTableViewCell.swift in Sources */,
				1EA8661A286FEB8A00BDB2A9 /* ShopifyApp.xcdatamodeld in Sources */,
				1EDD78AB2871155000E47EC0 /* Alert.swift in Sources */,
				1EC6C5B928713A76008B33DA /* LoginViewModel.swift in Sources */,
				1EDD78A72871107000E47EC0 /* RegisterViewModel.swift in Sources */,
				1EDD789F287109A200E47EC0 /* NetworkManager.swift in Sources */,
				1EDD78A228710C7900E47EC0 /* JsonDecodere.swift in Sources */,
				9DAF2159287396EE0051FFC1 /* UIView+EX.swift in Sources */,
				1EDD78A528710FE500E47EC0 /* UserDefaults.swift in Sources */,
				9DAF2172287399A00051FFC1 /* CartProductTableViewCell.swift in Sources */,
				1EDD789B287108A900E47EC0 /* UrlServices.swift in Sources */,
				1EDD789D2871094900E47EC0 /* ApiService.swift in Sources */,
				1EA86612286FEB8A00BDB2A9 /* SceneDelegate.swift in Sources */,
				9DAF2176287399C00051FFC1 /* SubTotalTableViewCell.swift in Sources */,
			);
			runOnlyForDeploymentPostprocessing = 0;
		};
/* End PBXSourcesBuildPhase section */

/* Begin PBXVariantGroup section */
		1EA86615286FEB8A00BDB2A9 /* Main.storyboard */ = {
			isa = PBXVariantGroup;
			children = (
				1EA86616286FEB8A00BDB2A9 /* Base */,
			);
			name = Main.storyboard;
			sourceTree = "<group>";
		};
		1EA8661D286FEB8C00BDB2A9 /* LaunchScreen.storyboard */ = {
			isa = PBXVariantGroup;
			children = (
				1EA8661E286FEB8C00BDB2A9 /* Base */,
			);
			name = LaunchScreen.storyboard;
			sourceTree = "<group>";
		};
/* End PBXVariantGroup section */

/* Begin XCBuildConfiguration section */
		1EA86621286FEB8C00BDB2A9 /* Debug */ = {
			isa = XCBuildConfiguration;
			buildSettings = {
				ALWAYS_SEARCH_USER_PATHS = NO;
				CLANG_ANALYZER_NONNULL = YES;
				CLANG_ANALYZER_NUMBER_OBJECT_CONVERSION = YES_AGGRESSIVE;
				CLANG_CXX_LANGUAGE_STANDARD = "gnu++14";
				CLANG_CXX_LIBRARY = "libc++";
				CLANG_ENABLE_MODULES = YES;
				CLANG_ENABLE_OBJC_ARC = YES;
				CLANG_ENABLE_OBJC_WEAK = YES;
				CLANG_WARN_BLOCK_CAPTURE_AUTORELEASING = YES;
				CLANG_WARN_BOOL_CONVERSION = YES;
				CLANG_WARN_COMMA = YES;
				CLANG_WARN_CONSTANT_CONVERSION = YES;
				CLANG_WARN_DEPRECATED_OBJC_IMPLEMENTATIONS = YES;
				CLANG_WARN_DIRECT_OBJC_ISA_USAGE = YES_ERROR;
				CLANG_WARN_DOCUMENTATION_COMMENTS = YES;
				CLANG_WARN_EMPTY_BODY = YES;
				CLANG_WARN_ENUM_CONVERSION = YES;
				CLANG_WARN_INFINITE_RECURSION = YES;
				CLANG_WARN_INT_CONVERSION = YES;
				CLANG_WARN_NON_LITERAL_NULL_CONVERSION = YES;
				CLANG_WARN_OBJC_IMPLICIT_RETAIN_SELF = YES;
				CLANG_WARN_OBJC_LITERAL_CONVERSION = YES;
				CLANG_WARN_OBJC_ROOT_CLASS = YES_ERROR;
				CLANG_WARN_RANGE_LOOP_ANALYSIS = YES;
				CLANG_WARN_STRICT_PROTOTYPES = YES;
				CLANG_WARN_SUSPICIOUS_MOVE = YES;
				CLANG_WARN_UNGUARDED_AVAILABILITY = YES_AGGRESSIVE;
				CLANG_WARN_UNREACHABLE_CODE = YES;
				CLANG_WARN__DUPLICATE_METHOD_MATCH = YES;
				COPY_PHASE_STRIP = NO;
				DEBUG_INFORMATION_FORMAT = dwarf;
				ENABLE_STRICT_OBJC_MSGSEND = YES;
				ENABLE_TESTABILITY = YES;
				GCC_C_LANGUAGE_STANDARD = gnu11;
				GCC_DYNAMIC_NO_PIC = NO;
				GCC_NO_COMMON_BLOCKS = YES;
				GCC_OPTIMIZATION_LEVEL = 0;
				GCC_PREPROCESSOR_DEFINITIONS = (
					"DEBUG=1",
					"$(inherited)",
				);
				GCC_WARN_64_TO_32_BIT_CONVERSION = YES;
				GCC_WARN_ABOUT_RETURN_TYPE = YES_ERROR;
				GCC_WARN_UNDECLARED_SELECTOR = YES;
				GCC_WARN_UNINITIALIZED_AUTOS = YES_AGGRESSIVE;
				GCC_WARN_UNUSED_FUNCTION = YES;
				GCC_WARN_UNUSED_VARIABLE = YES;
				IPHONEOS_DEPLOYMENT_TARGET = 13.2;
				MTL_ENABLE_DEBUG_INFO = INCLUDE_SOURCE;
				MTL_FAST_MATH = YES;
				ONLY_ACTIVE_ARCH = YES;
				SDKROOT = iphoneos;
				SWIFT_ACTIVE_COMPILATION_CONDITIONS = DEBUG;
				SWIFT_OPTIMIZATION_LEVEL = "-Onone";
			};
			name = Debug;
		};
		1EA86622286FEB8C00BDB2A9 /* Release */ = {
			isa = XCBuildConfiguration;
			buildSettings = {
				ALWAYS_SEARCH_USER_PATHS = NO;
				CLANG_ANALYZER_NONNULL = YES;
				CLANG_ANALYZER_NUMBER_OBJECT_CONVERSION = YES_AGGRESSIVE;
				CLANG_CXX_LANGUAGE_STANDARD = "gnu++14";
				CLANG_CXX_LIBRARY = "libc++";
				CLANG_ENABLE_MODULES = YES;
				CLANG_ENABLE_OBJC_ARC = YES;
				CLANG_ENABLE_OBJC_WEAK = YES;
				CLANG_WARN_BLOCK_CAPTURE_AUTORELEASING = YES;
				CLANG_WARN_BOOL_CONVERSION = YES;
				CLANG_WARN_COMMA = YES;
				CLANG_WARN_CONSTANT_CONVERSION = YES;
				CLANG_WARN_DEPRECATED_OBJC_IMPLEMENTATIONS = YES;
				CLANG_WARN_DIRECT_OBJC_ISA_USAGE = YES_ERROR;
				CLANG_WARN_DOCUMENTATION_COMMENTS = YES;
				CLANG_WARN_EMPTY_BODY = YES;
				CLANG_WARN_ENUM_CONVERSION = YES;
				CLANG_WARN_INFINITE_RECURSION = YES;
				CLANG_WARN_INT_CONVERSION = YES;
				CLANG_WARN_NON_LITERAL_NULL_CONVERSION = YES;
				CLANG_WARN_OBJC_IMPLICIT_RETAIN_SELF = YES;
				CLANG_WARN_OBJC_LITERAL_CONVERSION = YES;
				CLANG_WARN_OBJC_ROOT_CLASS = YES_ERROR;
				CLANG_WARN_RANGE_LOOP_ANALYSIS = YES;
				CLANG_WARN_STRICT_PROTOTYPES = YES;
				CLANG_WARN_SUSPICIOUS_MOVE = YES;
				CLANG_WARN_UNGUARDED_AVAILABILITY = YES_AGGRESSIVE;
				CLANG_WARN_UNREACHABLE_CODE = YES;
				CLANG_WARN__DUPLICATE_METHOD_MATCH = YES;
				COPY_PHASE_STRIP = NO;
				DEBUG_INFORMATION_FORMAT = "dwarf-with-dsym";
				ENABLE_NS_ASSERTIONS = NO;
				ENABLE_STRICT_OBJC_MSGSEND = YES;
				GCC_C_LANGUAGE_STANDARD = gnu11;
				GCC_NO_COMMON_BLOCKS = YES;
				GCC_WARN_64_TO_32_BIT_CONVERSION = YES;
				GCC_WARN_ABOUT_RETURN_TYPE = YES_ERROR;
				GCC_WARN_UNDECLARED_SELECTOR = YES;
				GCC_WARN_UNINITIALIZED_AUTOS = YES_AGGRESSIVE;
				GCC_WARN_UNUSED_FUNCTION = YES;
				GCC_WARN_UNUSED_VARIABLE = YES;
				IPHONEOS_DEPLOYMENT_TARGET = 13.2;
				MTL_ENABLE_DEBUG_INFO = NO;
				MTL_FAST_MATH = YES;
				SDKROOT = iphoneos;
				SWIFT_COMPILATION_MODE = wholemodule;
				SWIFT_OPTIMIZATION_LEVEL = "-O";
				VALIDATE_PRODUCT = YES;
			};
			name = Release;
		};
		1EA86624286FEB8C00BDB2A9 /* Debug */ = {
			isa = XCBuildConfiguration;
			baseConfigurationReference = 68CAC10B07C7471F6593879F /* Pods-ShopifyApp.debug.xcconfig */;
			buildSettings = {
				ASSETCATALOG_COMPILER_APPICON_NAME = AppIcon;
				CODE_SIGN_STYLE = Automatic;
				INFOPLIST_FILE = ShopifyApp/Info.plist;
				LD_RUNPATH_SEARCH_PATHS = (
					"$(inherited)",
					"@executable_path/Frameworks",
				);
				PRODUCT_BUNDLE_IDENTIFIER = Ezzat.ShopifyApp;
				PRODUCT_NAME = "$(TARGET_NAME)";
				SWIFT_VERSION = 5.0;
				TARGETED_DEVICE_FAMILY = "1,2";
			};
			name = Debug;
		};
		1EA86625286FEB8C00BDB2A9 /* Release */ = {
			isa = XCBuildConfiguration;
			baseConfigurationReference = 82FCBA31A7500DEE103DCE6C /* Pods-ShopifyApp.release.xcconfig */;
			buildSettings = {
				ASSETCATALOG_COMPILER_APPICON_NAME = AppIcon;
				CODE_SIGN_STYLE = Automatic;
				INFOPLIST_FILE = ShopifyApp/Info.plist;
				LD_RUNPATH_SEARCH_PATHS = (
					"$(inherited)",
					"@executable_path/Frameworks",
				);
				PRODUCT_BUNDLE_IDENTIFIER = Ezzat.ShopifyApp;
				PRODUCT_NAME = "$(TARGET_NAME)";
				SWIFT_VERSION = 5.0;
				TARGETED_DEVICE_FAMILY = "1,2";
			};
			name = Release;
		};
/* End XCBuildConfiguration section */

/* Begin XCConfigurationList section */
		1EA86607286FEB8A00BDB2A9 /* Build configuration list for PBXProject "ShopifyApp" */ = {
			isa = XCConfigurationList;
			buildConfigurations = (
				1EA86621286FEB8C00BDB2A9 /* Debug */,
				1EA86622286FEB8C00BDB2A9 /* Release */,
			);
			defaultConfigurationIsVisible = 0;
			defaultConfigurationName = Release;
		};
		1EA86623286FEB8C00BDB2A9 /* Build configuration list for PBXNativeTarget "ShopifyApp" */ = {
			isa = XCConfigurationList;
			buildConfigurations = (
				1EA86624286FEB8C00BDB2A9 /* Debug */,
				1EA86625286FEB8C00BDB2A9 /* Release */,
			);
			defaultConfigurationIsVisible = 0;
			defaultConfigurationName = Release;
		};
/* End XCConfigurationList section */

/* Begin XCVersionGroup section */
		1EA86618286FEB8A00BDB2A9 /* ShopifyApp.xcdatamodeld */ = {
			isa = XCVersionGroup;
			children = (
				1EA86619286FEB8A00BDB2A9 /* ShopifyApp.xcdatamodel */,
			);
			currentVersion = 1EA86619286FEB8A00BDB2A9 /* ShopifyApp.xcdatamodel */;
			path = ShopifyApp.xcdatamodeld;
			sourceTree = "<group>";
			versionGroupType = wrapper.xcdatamodel;
		};
/* End XCVersionGroup section */
	};
	rootObject = 1EA86604286FEB8A00BDB2A9 /* Project object */;
}
